<?xml version="1.0" encoding="utf-8"?>
<Project ToolsVersion="4.0" xmlns="http://schemas.microsoft.com/developer/msbuild/2003">
  <ItemGroup>
    <Filter Include="Source Files">
      <UniqueIdentifier>{4FC737F1-C7A5-4376-A066-2A32D752A2FF}</UniqueIdentifier>
      <Extensions>cpp;c;cc;cxx;def;odl;idl;hpj;bat;asm;asmx</Extensions>
    </Filter>
    <Filter Include="Header Files">
      <UniqueIdentifier>{93995380-89BD-4b04-88EB-625FBE52EBFB}</UniqueIdentifier>
      <Extensions>h;hh;hpp;hxx;hm;inl;inc;xsd</Extensions>
    </Filter>
    <Filter Include="Resource Files">
      <UniqueIdentifier>{67DA6AB6-F800-4c08-8B7A-83BB121AAD01}</UniqueIdentifier>
      <Extensions>rc;ico;cur;bmp;dlg;rc2;rct;bin;rgs;gif;jpg;jpeg;jpe;resx;tiff;tif;png;wav;mfcribbon-ms</Extensions>
    </Filter>
    <Filter Include="socket.io-client">
      <UniqueIdentifier>{ce1bfa22-0990-4fc0-90e5-98063366487d}</UniqueIdentifier>
    </Filter>
    <Filter Include="https-client">
      <UniqueIdentifier>{7a24492a-cf30-466d-a1e1-1f3367146dfa}</UniqueIdentifier>
    </Filter>
  </ItemGroup>
  <ItemGroup>
    <ClCompile Include="..\..\webrtc\examples\peerconnection\client\conductor.cc">
      <Filter>Source Files</Filter>
    </ClCompile>
    <ClCompile Include="..\..\webrtc\examples\peerconnection\client\defaults.cc">
      <Filter>Source Files</Filter>
    </ClCompile>
    <ClCompile Include="..\..\webrtc\examples\peerconnection\client\main.cc">
      <Filter>Source Files</Filter>
    </ClCompile>
    <ClCompile Include="..\..\webrtc\examples\peerconnection\client\main_wnd.cc">
      <Filter>Source Files</Filter>
    </ClCompile>
    <ClCompile Include="..\..\webrtc\examples\peerconnection\client\peer_connection_client.cc">
      <Filter>Source Files</Filter>
    </ClCompile>
    <ClCompile Include="..\..\third_party\socket.io-client-cpp\src\sio_client.cpp">
      <Filter>socket.io-client</Filter>
    </ClCompile>
    <ClCompile Include="..\..\third_party\socket.io-client-cpp\src\sio_socket.cpp">
      <Filter>socket.io-client</Filter>
    </ClCompile>
    <ClCompile Include="..\..\third_party\socket.io-client-cpp\src\internal\sio_client_impl.cpp">
      <Filter>socket.io-client</Filter>
    </ClCompile>
    <ClCompile Include="..\..\third_party\socket.io-client-cpp\src\internal\sio_packet.cpp">
      <Filter>socket.io-client</Filter>
    </ClCompile>
    <ClCompile Include="..\..\webrtc\examples\peerconnection\client\https_client.cpp">
      <Filter>https-client</Filter>
    </ClCompile>
  </ItemGroup>
  <ItemGroup>
    <ClInclude Include="..\..\webrtc\examples\peerconnection\client\conductor.h">
      <Filter>Header Files</Filter>
    </ClInclude>
    <ClInclude Include="..\..\webrtc\examples\peerconnection\client\defaults.h">
      <Filter>Header Files</Filter>
    </ClInclude>
    <ClInclude Include="..\..\webrtc\examples\peerconnection\client\flagdefs.h">
      <Filter>Header Files</Filter>
    </ClInclude>
    <ClInclude Include="..\..\webrtc\examples\peerconnection\client\main_wnd.h">
      <Filter>Header Files</Filter>
    </ClInclude>
    <ClInclude Include="..\..\webrtc\examples\peerconnection\client\peer_connection_client.h">
      <Filter>Header Files</Filter>
    </ClInclude>
    <ClInclude Include="..\..\third_party\socket.io-client-cpp\src\sio_client.h">
      <Filter>socket.io-client</Filter>
    </ClInclude>
    <ClInclude Include="..\..\third_party\socket.io-client-cpp\src\sio_message.h">
      <Filter>socket.io-client</Filter>
    </ClInclude>
    <ClInclude Include="..\..\third_party\socket.io-client-cpp\src\sio_socket.h">
      <Filter>socket.io-client</Filter>
    </ClInclude>
    <ClInclude Include="..\..\third_party\socket.io-client-cpp\src\internal\sio_client_impl.h">
      <Filter>socket.io-client</Filter>
    </ClInclude>
    <ClInclude Include="..\..\third_party\socket.io-client-cpp\src\internal\sio_packet.h">
      <Filter>socket.io-client</Filter>
    </ClInclude>
    <ClInclude Include="..\..\webrtc\examples\peerconnection\client\https_client.h">
      <Filter>https-client</Filter>
    </ClInclude>
  </ItemGroup>
</Project>